Microsoft Visual Studio Solution File, Format Version 9.00
# Visual Studio 2005
Project("{8BC9CEB8-8B4A-11D0-8D11-00A0C91BC942}") = "TheFunction.lv2/The_Function", "./TheFunction.lv2/The_Function.vcproj", "{AF5E1FA5-44C5-FDE0-457D-3A2B9936ED68}"
	ProjectSection(ProjectDependencies) = postProject
	EndProjectSection
EndProject
Global
	GlobalSection(SolutionConfigurationPlatforms) = preSolution
		Release|Win32 = Release|Win32
		Debug|Win32 = Debug|Win32
	EndGlobalSection
	GlobalSection(ProjectConfigurationPlatforms) = postSolution
		{AF5E1FA5-44C5-FDE0-457D-3A2B9936ED68}.Release|Win32.ActiveCfg = Release|Win32
		{AF5E1FA5-44C5-FDE0-457D-3A2B9936ED68}.Release|Win32.Build.0 = Release|Win32
		{AF5E1FA5-44C5-FDE0-457D-3A2B9936ED68}.Debug|Win32.ActiveCfg = Debug|Win32
		{AF5E1FA5-44C5-FDE0-457D-3A2B9936ED68}.Debug|Win32.Build.0 = Debug|Win32
	EndGlobalSection
	GlobalSection(SolutionProperties) = preSolution
		HideSolutionNode = FALSE
	EndGlobalSection
EndGlobal
