Microsoft Visual Studio Solution File, Format Version 9.00
# Visual Studio 2005
Project("{8BC9CEB8-8B4A-11D0-8D11-00A0C91BC942}") = "midiConverter3", "./midiConverter3.vcproj", "{DFB909C3-454B-55BF-D90A-84FA74C0DFF6}"
	ProjectSection(ProjectDependencies) = postProject
	EndProjectSection
EndProject
Global
	GlobalSection(SolutionConfigurationPlatforms) = preSolution
		Release|Win32 = Release|Win32
		Debug|Win32 = Debug|Win32
	EndGlobalSection
	GlobalSection(ProjectConfigurationPlatforms) = postSolution
		{DFB909C3-454B-55BF-D90A-84FA74C0DFF6}.Release|Win32.ActiveCfg = Release|Win32
		{DFB909C3-454B-55BF-D90A-84FA74C0DFF6}.Release|Win32.Build.0 = Release|Win32
		{DFB909C3-454B-55BF-D90A-84FA74C0DFF6}.Debug|Win32.ActiveCfg = Debug|Win32
		{DFB909C3-454B-55BF-D90A-84FA74C0DFF6}.Debug|Win32.Build.0 = Debug|Win32
	EndGlobalSection
	GlobalSection(SolutionProperties) = preSolution
		HideSolutionNode = FALSE
	EndGlobalSection
EndGlobal
