Microsoft Visual Studio Solution File, Format Version 9.00
# Visual Studio 2005
Project("{8BC9CEB8-8B4A-11D0-8D11-00A0C91BC942}") = "TAL-Reverb.lv2/TAL_Reverb_Plugin", "./TAL-Reverb.lv2/TAL_Reverb_Plugin.vcproj", "{50FB3E07-B318-1686-8F60-6BCB66E868B9}"
	ProjectSection(ProjectDependencies) = postProject
	EndProjectSection
EndProject
Global
	GlobalSection(SolutionConfigurationPlatforms) = preSolution
		Release|Win32 = Release|Win32
		Debug|Win32 = Debug|Win32
	EndGlobalSection
	GlobalSection(ProjectConfigurationPlatforms) = postSolution
		{50FB3E07-B318-1686-8F60-6BCB66E868B9}.Release|Win32.ActiveCfg = Release|Win32
		{50FB3E07-B318-1686-8F60-6BCB66E868B9}.Release|Win32.Build.0 = Release|Win32
		{50FB3E07-B318-1686-8F60-6BCB66E868B9}.Debug|Win32.ActiveCfg = Debug|Win32
		{50FB3E07-B318-1686-8F60-6BCB66E868B9}.Debug|Win32.Build.0 = Debug|Win32
	EndGlobalSection
	GlobalSection(SolutionProperties) = preSolution
		HideSolutionNode = FALSE
	EndGlobalSection
EndGlobal
