Microsoft Visual Studio Solution File, Format Version 9.00
# Visual Studio 2005
Project("{8BC9CEB8-8B4A-11D0-8D11-00A0C91BC942}") = "juce-standalone-vst-153", "./juce-standalone-vst-153.vcproj", "{269AAA38-1F75-BBF4-B19F-8D39DE6B8371}"
	ProjectSection(ProjectDependencies) = postProject
	EndProjectSection
EndProject
Project("{8BC9CEB8-8B4A-11D0-8D11-00A0C91BC942}") = "juce-standalone-vst-153", "./juce-standalone-vst-153.vcproj", "{200E3795-A869-50F7-19A8-5CAFBE7B71A2}"
	ProjectSection(ProjectDependencies) = postProject
	EndProjectSection
EndProject
Global
	GlobalSection(SolutionConfigurationPlatforms) = preSolution
		Release|Win32 = Release|Win32
		Debug|Win32 = Debug|Win32
	EndGlobalSection
	GlobalSection(ProjectConfigurationPlatforms) = postSolution
		{269AAA38-1F75-BBF4-B19F-8D39DE6B8371}.Release|Win32.ActiveCfg = Release|Win32
		{269AAA38-1F75-BBF4-B19F-8D39DE6B8371}.Release|Win32.Build.0 = Release|Win32
		{269AAA38-1F75-BBF4-B19F-8D39DE6B8371}.Debug|Win32.ActiveCfg = Debug|Win32
		{269AAA38-1F75-BBF4-B19F-8D39DE6B8371}.Debug|Win32.Build.0 = Debug|Win32
		{200E3795-A869-50F7-19A8-5CAFBE7B71A2}.Release|Win32.ActiveCfg = Release|Win32
		{200E3795-A869-50F7-19A8-5CAFBE7B71A2}.Release|Win32.Build.0 = Release|Win32
		{200E3795-A869-50F7-19A8-5CAFBE7B71A2}.Debug|Win32.ActiveCfg = Debug|Win32
		{200E3795-A869-50F7-19A8-5CAFBE7B71A2}.Debug|Win32.Build.0 = Debug|Win32
	EndGlobalSection
	GlobalSection(SolutionProperties) = preSolution
		HideSolutionNode = FALSE
	EndGlobalSection
EndGlobal
