Microsoft Visual Studio Solution File, Format Version 9.00
# Visual Studio 2005
Project("{8BC9CEB8-8B4A-11D0-8D11-00A0C91BC942}") = "TAL-NoiseMaker", "./TAL-NoiseMaker.vcproj", "{BEDBCE42-182D-0EEB-ACE4-52934C58227F}"
	ProjectSection(ProjectDependencies) = postProject
	EndProjectSection
EndProject
Global
	GlobalSection(SolutionConfigurationPlatforms) = preSolution
		Release|Win32 = Release|Win32
		Debug|Win32 = Debug|Win32
	EndGlobalSection
	GlobalSection(ProjectConfigurationPlatforms) = postSolution
		{BEDBCE42-182D-0EEB-ACE4-52934C58227F}.Release|Win32.ActiveCfg = Release|Win32
		{BEDBCE42-182D-0EEB-ACE4-52934C58227F}.Release|Win32.Build.0 = Release|Win32
		{BEDBCE42-182D-0EEB-ACE4-52934C58227F}.Debug|Win32.ActiveCfg = Debug|Win32
		{BEDBCE42-182D-0EEB-ACE4-52934C58227F}.Debug|Win32.Build.0 = Debug|Win32
	EndGlobalSection
	GlobalSection(SolutionProperties) = preSolution
		HideSolutionNode = FALSE
	EndGlobalSection
EndGlobal
