Microsoft Visual Studio Solution File, Format Version 9.00
# Visual Studio 2005
Project("{8BC9CEB8-8B4A-11D0-8D11-00A0C91BC942}") = "midiChannelFilter", "./midiChannelFilter.vcproj", "{B6E15814-B5C4-1363-DE6A-B5D1482C1781}"
	ProjectSection(ProjectDependencies) = postProject
	EndProjectSection
EndProject
Global
	GlobalSection(SolutionConfigurationPlatforms) = preSolution
		Release|Win32 = Release|Win32
		Debug|Win32 = Debug|Win32
	EndGlobalSection
	GlobalSection(ProjectConfigurationPlatforms) = postSolution
		{B6E15814-B5C4-1363-DE6A-B5D1482C1781}.Release|Win32.ActiveCfg = Release|Win32
		{B6E15814-B5C4-1363-DE6A-B5D1482C1781}.Release|Win32.Build.0 = Release|Win32
		{B6E15814-B5C4-1363-DE6A-B5D1482C1781}.Debug|Win32.ActiveCfg = Debug|Win32
		{B6E15814-B5C4-1363-DE6A-B5D1482C1781}.Debug|Win32.Build.0 = Debug|Win32
	EndGlobalSection
	GlobalSection(SolutionProperties) = preSolution
		HideSolutionNode = FALSE
	EndGlobalSection
EndGlobal
