Microsoft Visual Studio Solution File, Format Version 9.00
# Visual Studio 2005
Project("{8BC9CEB8-8B4A-11D0-8D11-00A0C91BC942}") = "TAL-Vocoder-2", "./TAL-Vocoder-2.vcproj", "{DA634B5D-4C51-324B-D5B9-A03C504AD908}"
	ProjectSection(ProjectDependencies) = postProject
	EndProjectSection
EndProject
Global
	GlobalSection(SolutionConfigurationPlatforms) = preSolution
		Release|Win32 = Release|Win32
		Debug|Win32 = Debug|Win32
	EndGlobalSection
	GlobalSection(ProjectConfigurationPlatforms) = postSolution
		{DA634B5D-4C51-324B-D5B9-A03C504AD908}.Release|Win32.ActiveCfg = Release|Win32
		{DA634B5D-4C51-324B-D5B9-A03C504AD908}.Release|Win32.Build.0 = Release|Win32
		{DA634B5D-4C51-324B-D5B9-A03C504AD908}.Debug|Win32.ActiveCfg = Debug|Win32
		{DA634B5D-4C51-324B-D5B9-A03C504AD908}.Debug|Win32.Build.0 = Debug|Win32
	EndGlobalSection
	GlobalSection(SolutionProperties) = preSolution
		HideSolutionNode = FALSE
	EndGlobalSection
EndGlobal
