Microsoft Visual Studio Solution File, Format Version 9.00
# Visual Studio 2005
Project("{8BC9CEB8-8B4A-11D0-8D11-00A0C91BC942}") = "HybridReverb2", "./HybridReverb2.vcproj", "{72553789-6A35-40A5-7537-AB8FF72BBB44}"
	ProjectSection(ProjectDependencies) = postProject
	EndProjectSection
EndProject
Global
	GlobalSection(SolutionConfigurationPlatforms) = preSolution
		Release|Win32 = Release|Win32
		Debug|Win32 = Debug|Win32
	EndGlobalSection
	GlobalSection(ProjectConfigurationPlatforms) = postSolution
		{72553789-6A35-40A5-7537-AB8FF72BBB44}.Release|Win32.ActiveCfg = Release|Win32
		{72553789-6A35-40A5-7537-AB8FF72BBB44}.Release|Win32.Build.0 = Release|Win32
		{72553789-6A35-40A5-7537-AB8FF72BBB44}.Debug|Win32.ActiveCfg = Debug|Win32
		{72553789-6A35-40A5-7537-AB8FF72BBB44}.Debug|Win32.Build.0 = Debug|Win32
	EndGlobalSection
	GlobalSection(SolutionProperties) = preSolution
		HideSolutionNode = FALSE
	EndGlobalSection
EndGlobal
