Microsoft Visual Studio Solution File, Format Version 9.00
# Visual Studio 2005
Project("{8BC9CEB8-8B4A-11D0-8D11-00A0C91BC942}") = "3BandEQ", "./3BandEQ.vcproj", "{0F43DC23-6A35-57AC-9D89-0D70C53FD451}"
	ProjectSection(ProjectDependencies) = postProject
	EndProjectSection
EndProject
Global
	GlobalSection(SolutionConfigurationPlatforms) = preSolution
		Release|Win32 = Release|Win32
		Debug|Win32 = Debug|Win32
	EndGlobalSection
	GlobalSection(ProjectConfigurationPlatforms) = postSolution
		{0F43DC23-6A35-57AC-9D89-0D70C53FD451}.Release|Win32.ActiveCfg = Release|Win32
		{0F43DC23-6A35-57AC-9D89-0D70C53FD451}.Release|Win32.Build.0 = Release|Win32
		{0F43DC23-6A35-57AC-9D89-0D70C53FD451}.Debug|Win32.ActiveCfg = Debug|Win32
		{0F43DC23-6A35-57AC-9D89-0D70C53FD451}.Debug|Win32.Build.0 = Debug|Win32
	EndGlobalSection
	GlobalSection(SolutionProperties) = preSolution
		HideSolutionNode = FALSE
	EndGlobalSection
EndGlobal
