Microsoft Visual Studio Solution File, Format Version 9.00
# Visual Studio 2005
Project("{8BC9CEB8-8B4A-11D0-8D11-00A0C91BC942}") = "TAL-Filter.lv2/TAL_Filter_Plugin", "./TAL-Filter.lv2/TAL_Filter_Plugin.vcproj", "{A639E8B9-115B-B2EE-3CE2-3BE825E083B2}"
	ProjectSection(ProjectDependencies) = postProject
	EndProjectSection
EndProject
Global
	GlobalSection(SolutionConfigurationPlatforms) = preSolution
		Release|Win32 = Release|Win32
		Debug|Win32 = Debug|Win32
	EndGlobalSection
	GlobalSection(ProjectConfigurationPlatforms) = postSolution
		{A639E8B9-115B-B2EE-3CE2-3BE825E083B2}.Release|Win32.ActiveCfg = Release|Win32
		{A639E8B9-115B-B2EE-3CE2-3BE825E083B2}.Release|Win32.Build.0 = Release|Win32
		{A639E8B9-115B-B2EE-3CE2-3BE825E083B2}.Debug|Win32.ActiveCfg = Debug|Win32
		{A639E8B9-115B-B2EE-3CE2-3BE825E083B2}.Debug|Win32.Build.0 = Debug|Win32
	EndGlobalSection
	GlobalSection(SolutionProperties) = preSolution
		HideSolutionNode = FALSE
	EndGlobalSection
EndGlobal
