Microsoft Visual Studio Solution File, Format Version 9.00
# Visual Studio 2005
Project("{8BC9CEB8-8B4A-11D0-8D11-00A0C91BC942}") = "3BandEQ.lv2/3BandEQ", "./3BandEQ.lv2/3BandEQ.vcproj", "{A9BF02ED-C498-9118-B172-03B898367C1B}"
	ProjectSection(ProjectDependencies) = postProject
	EndProjectSection
EndProject
Global
	GlobalSection(SolutionConfigurationPlatforms) = preSolution
		Release|Win32 = Release|Win32
		Debug|Win32 = Debug|Win32
	EndGlobalSection
	GlobalSection(ProjectConfigurationPlatforms) = postSolution
		{A9BF02ED-C498-9118-B172-03B898367C1B}.Release|Win32.ActiveCfg = Release|Win32
		{A9BF02ED-C498-9118-B172-03B898367C1B}.Release|Win32.Build.0 = Release|Win32
		{A9BF02ED-C498-9118-B172-03B898367C1B}.Debug|Win32.ActiveCfg = Debug|Win32
		{A9BF02ED-C498-9118-B172-03B898367C1B}.Debug|Win32.Build.0 = Debug|Win32
	EndGlobalSection
	GlobalSection(SolutionProperties) = preSolution
		HideSolutionNode = FALSE
	EndGlobalSection
EndGlobal
