Microsoft Visual Studio Solution File, Format Version 9.00
# Visual Studio 2005
Project("{8BC9CEB8-8B4A-11D0-8D11-00A0C91BC942}") = "midiChordHold", "./midiChordHold.vcproj", "{24B69389-4EB3-86E0-30A6-B0DC47AA368D}"
	ProjectSection(ProjectDependencies) = postProject
	EndProjectSection
EndProject
Global
	GlobalSection(SolutionConfigurationPlatforms) = preSolution
		Release|Win32 = Release|Win32
		Debug|Win32 = Debug|Win32
	EndGlobalSection
	GlobalSection(ProjectConfigurationPlatforms) = postSolution
		{24B69389-4EB3-86E0-30A6-B0DC47AA368D}.Release|Win32.ActiveCfg = Release|Win32
		{24B69389-4EB3-86E0-30A6-B0DC47AA368D}.Release|Win32.Build.0 = Release|Win32
		{24B69389-4EB3-86E0-30A6-B0DC47AA368D}.Debug|Win32.ActiveCfg = Debug|Win32
		{24B69389-4EB3-86E0-30A6-B0DC47AA368D}.Debug|Win32.Build.0 = Debug|Win32
	EndGlobalSection
	GlobalSection(SolutionProperties) = preSolution
		HideSolutionNode = FALSE
	EndGlobalSection
EndGlobal
