Microsoft Visual Studio Solution File, Format Version 9.00
# Visual Studio 2005
Project("{8BC9CEB8-8B4A-11D0-8D11-00A0C91BC942}") = "sDelay", "./sDelay.vcproj", "{2BA05F6A-C53C-3665-EB1F-0BDF9AB1FD50}"
	ProjectSection(ProjectDependencies) = postProject
	EndProjectSection
EndProject
Global
	GlobalSection(SolutionConfigurationPlatforms) = preSolution
		Release|Win32 = Release|Win32
		Debug|Win32 = Debug|Win32
	EndGlobalSection
	GlobalSection(ProjectConfigurationPlatforms) = postSolution
		{2BA05F6A-C53C-3665-EB1F-0BDF9AB1FD50}.Release|Win32.ActiveCfg = Release|Win32
		{2BA05F6A-C53C-3665-EB1F-0BDF9AB1FD50}.Release|Win32.Build.0 = Release|Win32
		{2BA05F6A-C53C-3665-EB1F-0BDF9AB1FD50}.Debug|Win32.ActiveCfg = Debug|Win32
		{2BA05F6A-C53C-3665-EB1F-0BDF9AB1FD50}.Debug|Win32.Build.0 = Debug|Win32
	EndGlobalSection
	GlobalSection(SolutionProperties) = preSolution
		HideSolutionNode = FALSE
	EndGlobalSection
EndGlobal
