Microsoft Visual Studio Solution File, Format Version 9.00
# Visual Studio 2005
Project("{8BC9CEB8-8B4A-11D0-8D11-00A0C91BC942}") = "midiGain", "./midiGain.vcproj", "{122BB85C-20DA-9C5C-BF03-B13A12D80C10}"
	ProjectSection(ProjectDependencies) = postProject
	EndProjectSection
EndProject
Global
	GlobalSection(SolutionConfigurationPlatforms) = preSolution
		Release|Win32 = Release|Win32
		Debug|Win32 = Debug|Win32
	EndGlobalSection
	GlobalSection(ProjectConfigurationPlatforms) = postSolution
		{122BB85C-20DA-9C5C-BF03-B13A12D80C10}.Release|Win32.ActiveCfg = Release|Win32
		{122BB85C-20DA-9C5C-BF03-B13A12D80C10}.Release|Win32.Build.0 = Release|Win32
		{122BB85C-20DA-9C5C-BF03-B13A12D80C10}.Debug|Win32.ActiveCfg = Debug|Win32
		{122BB85C-20DA-9C5C-BF03-B13A12D80C10}.Debug|Win32.Build.0 = Debug|Win32
	EndGlobalSection
	GlobalSection(SolutionProperties) = preSolution
		HideSolutionNode = FALSE
	EndGlobalSection
EndGlobal
