Microsoft Visual Studio Solution File, Format Version 9.00
# Visual Studio 2005
Project("{8BC9CEB8-8B4A-11D0-8D11-00A0C91BC942}") = "TAL-Dub-III.lv2/TAL_Dub_III_Plugin", "./TAL-Dub-III.lv2/TAL_Dub_III_Plugin.vcproj", "{3BF1E181-733A-F48C-5BBB-0BE17BF2D409}"
	ProjectSection(ProjectDependencies) = postProject
	EndProjectSection
EndProject
Global
	GlobalSection(SolutionConfigurationPlatforms) = preSolution
		Release|Win32 = Release|Win32
		Debug|Win32 = Debug|Win32
	EndGlobalSection
	GlobalSection(ProjectConfigurationPlatforms) = postSolution
		{3BF1E181-733A-F48C-5BBB-0BE17BF2D409}.Release|Win32.ActiveCfg = Release|Win32
		{3BF1E181-733A-F48C-5BBB-0BE17BF2D409}.Release|Win32.Build.0 = Release|Win32
		{3BF1E181-733A-F48C-5BBB-0BE17BF2D409}.Debug|Win32.ActiveCfg = Debug|Win32
		{3BF1E181-733A-F48C-5BBB-0BE17BF2D409}.Debug|Win32.Build.0 = Debug|Win32
	EndGlobalSection
	GlobalSection(SolutionProperties) = preSolution
		HideSolutionNode = FALSE
	EndGlobalSection
EndGlobal
