Microsoft Visual Studio Solution File, Format Version 9.00
# Visual Studio 2005
Project("{8BC9CEB8-8B4A-11D0-8D11-00A0C91BC942}") = "midiKeySplit", "./midiKeySplit.vcproj", "{106824AA-3FD6-4474-DF17-45FFE74D98DA}"
	ProjectSection(ProjectDependencies) = postProject
	EndProjectSection
EndProject
Global
	GlobalSection(SolutionConfigurationPlatforms) = preSolution
		Release|Win32 = Release|Win32
		Debug|Win32 = Debug|Win32
	EndGlobalSection
	GlobalSection(ProjectConfigurationPlatforms) = postSolution
		{106824AA-3FD6-4474-DF17-45FFE74D98DA}.Release|Win32.ActiveCfg = Release|Win32
		{106824AA-3FD6-4474-DF17-45FFE74D98DA}.Release|Win32.Build.0 = Release|Win32
		{106824AA-3FD6-4474-DF17-45FFE74D98DA}.Debug|Win32.ActiveCfg = Debug|Win32
		{106824AA-3FD6-4474-DF17-45FFE74D98DA}.Debug|Win32.Build.0 = Debug|Win32
	EndGlobalSection
	GlobalSection(SolutionProperties) = preSolution
		HideSolutionNode = FALSE
	EndGlobalSection
EndGlobal
